
Microsoft Visual Studio Solution File, Format Version 12.00
# Visual Studio Version 17
VisualStudioVersion = 17.7.34031.279
MinimumVisualStudioVersion = 10.0.40219.1
Project("{FAE04EC0-301F-11D3-BF4B-00C04F79EFBC}") = "Prueba", "Prueba\Prueba.csproj", "{E69C7536-23DF-4CE1-9057-6ED49500F820}"
EndProject
Global
	GlobalSection(SolutionConfigurationPlatforms) = preSolution
		Debug|Any CPU = Debug|Any CPU
		Release|Any CPU = Release|Any CPU
	EndGlobalSection
	GlobalSection(ProjectConfigurationPlatforms) = postSolution
		{E69C7536-23DF-4CE1-9057-6ED49500F820}.Debug|Any CPU.ActiveCfg = Debug|Any CPU
		{E69C7536-23DF-4CE1-9057-6ED49500F820}.Debug|Any CPU.Build.0 = Debug|Any CPU
		{E69C7536-23DF-4CE1-9057-6ED49500F820}.Release|Any CPU.ActiveCfg = Release|Any CPU
		{E69C7536-23DF-4CE1-9057-6ED49500F820}.Release|Any CPU.Build.0 = Release|Any CPU
	EndGlobalSection
	GlobalSection(SolutionProperties) = preSolution
		HideSolutionNode = FALSE
	EndGlobalSection
	GlobalSection(ExtensibilityGlobals) = postSolution
		SolutionGuid = {1817B066-2FFE-4A72-8A55-D5A25F46A3D1}
	EndGlobalSection
EndGlobal
